{
    "hash": "7f896df03ee0cfbde58e7a0fd2c3d24d",
    "packages": [
        {
            "name": "webignition/internet-media-type",
            "version": "0.4",
            "source": {
                "type": "git",
                "url": "https://github.com/webignition/internet-media-type.git",
                "reference": "0.4"
            },
            "dist": {
                "type": "zip",
                "url": "https://github.com/webignition/internet-media-type/zipball/0.4",
                "reference": "0.4",
                "shasum": ""
            },
            "require": {
                "php": ">=5.3.0",
                "webignition/quoted-string": ">=0.1,<2.0",
                "webignition/string-parser": ">=0.1, <2.0"
            },
            "time": "2012-08-16 15:14:02",
            "type": "library",
            "installation-source": "dist",
            "autoload": {
                "psr-0": {
                    "": "src/"
                }
            },
            "license": [
                "MIT"
            ],
            "authors": [
                {
                    "name": "Jon Cram",
                    "email": "jon@webignition.net"
                }
            ],
            "description": "PHP model of an http://en.wikipedia.org/wiki/Internet_media_type",
            "homepage": "https://github.com/webignition/internet-media-type",
            "keywords": [
                "internet media type",
                "media type",
                "media-type",
                "content type",
                "content-type"
            ]
        },
        {
            "name": "webignition/quoted-string",
            "version": "0.2",
            "source": {
                "type": "git",
                "url": "https://github.com/webignition/quoted-string.git",
                "reference": "0.2"
            },
            "dist": {
                "type": "zip",
                "url": "https://github.com/webignition/quoted-string/zipball/0.2",
                "reference": "0.2",
                "shasum": ""
            },
            "require": {
                "php": ">=5.3.0",
                "webignition/string-parser": "0.1"
            },
            "time": "2012-08-15 19:44:56",
            "type": "library",
            "installation-source": "dist",
            "autoload": {
                "psr-0": {
                    "": "src/"
                }
            },
            "license": [
                "MIT"
            ],
            "authors": [
                {
                    "name": "Jon Cram",
                    "email": "jon@webignition.net"
                }
            ],
            "description": "A parser for string values that are encapsulated in double quotes (ASCII 34)",
            "homepage": "https://github.com/webignition/quoted-string",
            "keywords": [
                "parser",
                "quoted-string"
            ]
        },
        {
            "name": "webignition/string-parser",
            "version": "0.1",
            "source": {
                "type": "git",
                "url": "https://github.com/webignition/string-parser.git",
                "reference": "0.1"
            },
            "dist": {
                "type": "zip",
                "url": "https://github.com/webignition/string-parser/zipball/0.1",
                "reference": "0.1",
                "shasum": ""
            },
            "require": {
                "php": ">=5.3.0"
            },
            "time": "2012-08-15 19:36:12",
            "type": "library",
            "installation-source": "dist",
            "autoload": {
                "psr-0": {
                    "": "src/"
                }
            },
            "license": [
                "MIT"
            ],
            "authors": [
                {
                    "name": "Jon Cram",
                    "email": "jon@webignition.net"
                }
            ],
            "description": "Abstract state-based string parser",
            "homepage": "https://github.com/webignition/string-parser",
            "keywords": [
                "parser",
                "string"
            ]
        },
        {
            "name": "webignition/url",
            "version": "1.2.2",
            "source": {
                "type": "git",
                "url": "https://github.com/webignition/url",
                "reference": "1.2.2"
            },
            "dist": {
                "type": "zip",
                "url": "https://github.com/webignition/url/zipball/1.2.2",
                "reference": "1.2.2",
                "shasum": ""
            },
            "require": {
                "php": ">=5.3.0"
            },
            "time": "2012-10-01 21:30:59",
            "type": "library",
            "installation-source": "dist",
            "autoload": {
                "psr-0": {
                    "": "src/"
                }
            },
            "license": [
                "MIT"
            ],
            "authors": [
                {
                    "name": "Jon Cram",
                    "email": "jon@webignition.net"
                }
            ],
            "description": "Represents a URL, a library to be used in many other places. Applies semantically-lossless normalisation for comparisons.",
            "homepage": "https://github.com/webignition/url",
            "keywords": [
                "url"
            ]
        },
        {
            "name": "webignition/web-resource-model",
            "version": "0.4",
            "source": {
                "type": "git",
                "url": "https://github.com/webignition/web-resource-model.git",
                "reference": "0.4"
            },
            "dist": {
                "type": "zip",
                "url": "https://github.com/webignition/web-resource-model/zipball/0.4",
                "reference": "0.4",
                "shasum": ""
            },
            "require": {
                "php": ">=5.3.0",
                "webignition/internet-media-type": ">=0.1,<2.0"
            },
            "time": "2012-08-16 15:16:06",
            "type": "library",
            "installation-source": "dist",
            "autoload": {
                "psr-0": {
                    "": "src/"
                }
            },
            "license": [
                "MIT"
            ],
            "authors": [
                {
                    "name": "Jon Cram",
                    "email": "jon@webignition.net"
                }
            ],
            "description": "Model of a web-based resource",
            "homepage": "https://github.com/webignition/web-resource-model",
            "keywords": [
                "web",
                "modem"
            ]
        },
        {
            "name": "webignition/website-sitemap-identifier",
            "version": "dev-master",
            "source": {
                "type": "git",
                "url": "https://github.com/webignition/website-sitemap-identifier.git",
                "reference": "82803ba899cd1ddbba3b64f3f74f45439ed7a8bd"
            },
            "dist": {
                "type": "zip",
                "url": "https://github.com/webignition/website-sitemap-identifier/zipball/82803ba899cd1ddbba3b64f3f74f45439ed7a8bd",
                "reference": "82803ba899cd1ddbba3b64f3f74f45439ed7a8bd",
                "shasum": ""
            },
            "require": {
                "php": ">=5.3.0",
                "webignition/internet-media-type": ">=0.1,<2.0",
                "webignition/url": ">=1.0,<2.0"
            },
            "time": "1349430891",
            "type": "library",
            "installation-source": "source",
            "autoload": {
                "psr-0": {
                    "": "src/"
                }
            },
            "license": [
                "MIT"
            ],
            "authors": [
                {
                    "name": "Jon Cram",
                    "email": "jon@webignition.net"
                }
            ],
            "description": "Identify the type of website sitemap given the content",
            "homepage": "https://github.com/webignition/website-sitemap-identifier",
            "keywords": [
                "Sitemap"
            ]
        }
    ],
    "packages-dev": null,
    "aliases": [

    ],
    "minimum-stability": "dev",
    "stability-flags": {
        "webignition/website-sitemap-identifier": 20
    }
}
