{
    "_readme": [
        "This file locks the dependencies of your project to a known state",
        "Read more about it at http://getcomposer.org/doc/01-basic-usage.md#composer-lock-the-lock-file"
    ],
    "hash": "c48ebeb3de427049976c4c215c6722f4",
    "packages": [
        {
            "name": "hobnob/xml-stream-reader",
            "version": "1.0.3",
            "source": {
                "type": "git",
                "url": "https://github.com/hobnob/xmlStreamReader.git",
                "reference": "3f130f937c94accb6b7c6e30de3d736ff7d1b0ce"
            },
            "dist": {
                "type": "zip",
                "url": "https://api.github.com/repos/hobnob/xmlStreamReader/zipball/3f130f937c94accb6b7c6e30de3d736ff7d1b0ce",
                "reference": "3f130f937c94accb6b7c6e30de3d736ff7d1b0ce",
                "shasum": ""
            },
            "require": {
                "php": ">=5.3.0"
            },
            "require-dev": {
                "phpunit/phpunit": "3.7.*"
            },
            "type": "library",
            "autoload": {
                "psr-0": {
                    "Hobnob\\XmlStreamReader": "/classes/"
                }
            },
            "notification-url": "https://packagist.org/downloads/",
            "license": [
                "MIT"
            ],
            "authors": [
                {
                    "name": "David North",
                    "role": "Developer"
                }
            ],
            "description": "PHP SAX XML Stream Reader",
            "homepage": "https://github.com/hobnob/xmlStreamReader",
            "keywords": [
                "stream",
                "xml"
            ],
            "time": "2013-07-04 08:07:40"
        },
        {
            "name": "simplepie/simplepie",
            "version": "dev-master",
            "source": {
                "type": "git",
                "url": "https://github.com/simplepie/simplepie.git",
                "reference": "09288e5bc2f630310c8f875fe8f81e8c24b5765b"
            },
            "dist": {
                "type": "zip",
                "url": "https://github.com/simplepie/simplepie/zipball/09288e5bc2f630310c8f875fe8f81e8c24b5765b",
                "reference": "09288e5bc2f630310c8f875fe8f81e8c24b5765b",
                "shasum": ""
            },
            "require": {
                "php": ">=5.2.0"
            },
            "type": "library",
            "autoload": {
                "psr-0": {
                    "SimplePie": "library"
                }
            },
            "license": [
                "BSD-3-Clause"
            ],
            "authors": [
                {
                    "name": "Ryan Parman",
                    "homepage": "http://ryanparman.com/",
                    "role": "Creator, alumnus developer"
                },
                {
                    "name": "Geoffrey Sneddon",
                    "homepage": "http://gsnedders.com/",
                    "role": "Alumnus developer"
                },
                {
                    "name": "Ryan McCue",
                    "email": "me@ryanmccue.info",
                    "homepage": "http://ryanmccue.info/",
                    "role": "Developer"
                }
            ],
            "description": "A simple Atom/RSS parsing library for PHP",
            "homepage": "http://simplepie.org/",
            "keywords": [
                "atom",
                "feeds",
                "rss"
            ],
            "time": "2012-07-08 06:40:12"
        },
        {
            "name": "webignition/internet-media-type",
            "version": "0.4",
            "source": {
                "type": "git",
                "url": "https://github.com/webignition/internet-media-type.git",
                "reference": "0.4"
            },
            "dist": {
                "type": "zip",
                "url": "https://github.com/webignition/internet-media-type/zipball/0.4",
                "reference": "0.4",
                "shasum": ""
            },
            "require": {
                "php": ">=5.3.0",
                "webignition/quoted-string": ">=0.1,<2.0",
                "webignition/string-parser": ">=0.1, <2.0"
            },
            "type": "library",
            "autoload": {
                "psr-0": {
                    "": "src/"
                }
            },
            "license": [
                "MIT"
            ],
            "authors": [
                {
                    "name": "Jon Cram",
                    "email": "jon@webignition.net"
                }
            ],
            "description": "PHP model of an http://en.wikipedia.org/wiki/Internet_media_type",
            "homepage": "https://github.com/webignition/internet-media-type",
            "keywords": [
                "content type",
                "content-type",
                "internet media type",
                "media type",
                "media-type"
            ],
            "time": "2012-08-16 15:14:02"
        },
        {
            "name": "webignition/quoted-string",
            "version": "0.2",
            "source": {
                "type": "git",
                "url": "https://github.com/webignition/quoted-string.git",
                "reference": "0.2"
            },
            "dist": {
                "type": "zip",
                "url": "https://github.com/webignition/quoted-string/zipball/0.2",
                "reference": "0.2",
                "shasum": ""
            },
            "require": {
                "php": ">=5.3.0",
                "webignition/string-parser": "0.1"
            },
            "type": "library",
            "autoload": {
                "psr-0": {
                    "": "src/"
                }
            },
            "license": [
                "MIT"
            ],
            "authors": [
                {
                    "name": "Jon Cram",
                    "email": "jon@webignition.net"
                }
            ],
            "description": "A parser for string values that are encapsulated in double quotes (ASCII 34)",
            "homepage": "https://github.com/webignition/quoted-string",
            "keywords": [
                "parser",
                "quoted-string"
            ],
            "time": "2012-08-15 19:44:56"
        },
        {
            "name": "webignition/string-parser",
            "version": "0.1",
            "source": {
                "type": "git",
                "url": "https://github.com/webignition/string-parser.git",
                "reference": "0.1"
            },
            "dist": {
                "type": "zip",
                "url": "https://github.com/webignition/string-parser/zipball/0.1",
                "reference": "0.1",
                "shasum": ""
            },
            "require": {
                "php": ">=5.3.0"
            },
            "type": "library",
            "autoload": {
                "psr-0": {
                    "": "src/"
                }
            },
            "license": [
                "MIT"
            ],
            "authors": [
                {
                    "name": "Jon Cram",
                    "email": "jon@webignition.net"
                }
            ],
            "description": "Abstract state-based string parser",
            "homepage": "https://github.com/webignition/string-parser",
            "keywords": [
                "parser",
                "string"
            ],
            "time": "2012-08-15 19:36:12"
        },
        {
            "name": "webignition/url",
            "version": "1.2.2",
            "source": {
                "type": "git",
                "url": "https://github.com/webignition/url",
                "reference": "1.2.2"
            },
            "dist": {
                "type": "zip",
                "url": "https://github.com/webignition/url/zipball/1.2.2",
                "reference": "1.2.2",
                "shasum": ""
            },
            "require": {
                "php": ">=5.3.0"
            },
            "type": "library",
            "autoload": {
                "psr-0": {
                    "": "src/"
                }
            },
            "license": [
                "MIT"
            ],
            "authors": [
                {
                    "name": "Jon Cram",
                    "email": "jon@webignition.net"
                }
            ],
            "description": "Represents a URL, a library to be used in many other places. Applies semantically-lossless normalisation for comparisons.",
            "homepage": "https://github.com/webignition/url",
            "keywords": [
                "url"
            ],
            "time": "2012-10-01 21:30:59"
        },
        {
            "name": "webignition/web-resource-model",
            "version": "0.4",
            "source": {
                "type": "git",
                "url": "https://github.com/webignition/web-resource-model.git",
                "reference": "0.4"
            },
            "dist": {
                "type": "zip",
                "url": "https://github.com/webignition/web-resource-model/zipball/0.4",
                "reference": "0.4",
                "shasum": ""
            },
            "require": {
                "php": ">=5.3.0",
                "webignition/internet-media-type": ">=0.1,<2.0"
            },
            "type": "library",
            "autoload": {
                "psr-0": {
                    "": "src/"
                }
            },
            "license": [
                "MIT"
            ],
            "authors": [
                {
                    "name": "Jon Cram",
                    "email": "jon@webignition.net"
                }
            ],
            "description": "Model of a web-based resource",
            "homepage": "https://github.com/webignition/web-resource-model",
            "keywords": [
                "modem",
                "web"
            ],
            "time": "2012-08-16 15:16:06"
        }
    ],
    "packages-dev": [

    ],
    "aliases": [

    ],
    "minimum-stability": "dev",
    "stability-flags": [

    ],
    "platform": {
        "php": ">=5.3.0"
    },
    "platform-dev": [

    ]
}
